PODS:
  - FontAwesome.swift (1.8.2)
  - Realm (3.18.0):
    - Realm/Headers (= 3.18.0)
  - Realm/Headers (3.18.0)
  - RealmSwift (3.18.0):
    - Realm (= 3.18.0)

DEPENDENCIES:
  - FontAwesome.swift
  - Realm (from `https://github.com/realm/realm-cocoa.git`, branch `master`)
  - RealmSwift (from `https://github.com/realm/realm-cocoa.git`, branch `master`)

SPEC REPOS:
  https://github.com/cocoapods/specs.git:
    - FontAwesome.swift

EXTERNAL SOURCES:
  Realm:
    :branch: master
    :git: https://github.com/realm/realm-cocoa.git
    :submodules: true
  RealmSwift:
    :branch: master
    :git: https://github.com/realm/realm-cocoa.git
    :submodules: true

CHECKOUT OPTIONS:
  Realm:
    :commit: 9717050cbeb6f6dcbbb008947d5200849fd6bed8
    :git: https://github.com/realm/realm-cocoa.git
    :submodules: true
  RealmSwift:
    :commit: 9717050cbeb6f6dcbbb008947d5200849fd6bed8
    :git: https://github.com/realm/realm-cocoa.git
    :submodules: true

SPEC CHECKSUMS:
  FontAwesome.swift: 7938d6a03113ff3f39001bde7f50be8a0903d605
  Realm: 7b3d04740facf45e958a514b466a32b04f1113d6
  RealmSwift: c817b5f374668cf08f649afb05f55d92a787649c

PODFILE CHECKSUM: 4107f7ee90cad6512206fb60393848c5ad759ae8

COCOAPODS: 1.5.2
